# This file is automatically @generated by Cargo.
# It is not intended for manual editing.
version = 3

[[package]]
name = "test-lib"
version = "0.1.0"

[[package]]
name = "test-lib-dep"
version = "0.1.0"

[[package]]
name = "test-ws"
version = "0.1.0"
dependencies = [
 "test-lib",
 "test-lib-dep",
]
